
Microsoft Visual Studio Solution File, Format Version 12.00
# Visual Studio Version 17
VisualStudioVersion = 17.9.34728.123
MinimumVisualStudioVersion = 10.0.40219.1
Project("{FAE04EC0-301F-11D3-BF4B-00C04F79EFBC}") = "ASiNet.WinLib", "ASiNet.WinLib\ASiNet.WinLib.csproj", "{299505F5-6180-41AE-B394-90C01621245D}"
EndProject
Global
	GlobalSection(SolutionConfigurationPlatforms) = preSolution
		Debug|Any CPU = Debug|Any CPU
		Release|Any CPU = Release|Any CPU
	EndGlobalSection
	GlobalSection(ProjectConfigurationPlatforms) = postSolution
		{299505F5-6180-41AE-B394-90C01621245D}.Debug|Any CPU.ActiveCfg = Debug|Any CPU
		{299505F5-6180-41AE-B394-90C01621245D}.Debug|Any CPU.Build.0 = Debug|Any CPU
		{299505F5-6180-41AE-B394-90C01621245D}.Release|Any CPU.ActiveCfg = Release|Any CPU
		{299505F5-6180-41AE-B394-90C01621245D}.Release|Any CPU.Build.0 = Release|Any CPU
	EndGlobalSection
	GlobalSection(SolutionProperties) = preSolution
		HideSolutionNode = FALSE
	EndGlobalSection
	GlobalSection(ExtensibilityGlobals) = postSolution
		SolutionGuid = {A6A1428E-DC29-4680-94E5-94B7C00FD5F8}
	EndGlobalSection
EndGlobal
